{
  "name": "Map-Key",
  "lockfileVersion": 2,
  "requires": true,
  "packages": {
    "": {
      "dependencies": {
        "splashcard_jsmapper": "^1.0.0"
      }
    },
    "node_modules/splashcard_jsmapper": {
      "version": "1.0.0",
      "resolved": "https://registry.npmjs.org/splashcard_jsmapper/-/splashcard_jsmapper-1.0.0.tgz",
      "integrity": "sha512-36d/Vmdofd+ItnN1+q8NNtqaQOLjh+2/4YC6qRNgrbt6HgjWdAlIUEWwEPAxoolLUyz3tS+Q2F7g2s44vgLdug=="
    }
  },
  "dependencies": {
    "splashcard_jsmapper": {
      "version": "1.0.0",
      "resolved": "https://registry.npmjs.org/splashcard_jsmapper/-/splashcard_jsmapper-1.0.0.tgz",
      "integrity": "sha512-36d/Vmdofd+ItnN1+q8NNtqaQOLjh+2/4YC6qRNgrbt6HgjWdAlIUEWwEPAxoolLUyz3tS+Q2F7g2s44vgLdug=="
    }
  }
}
